# This file is generated by running "yarn install" inside your project.
# Manual changes might be lost - proceed with caution!

__metadata:
  version: 5
  cacheKey: 8

"@slack/client@npm:3.16.1-sec.2":
  version: 3.16.1-sec.2
  resolution: "@slack/client@npm:3.16.1-sec.2"
  dependencies:
    async: ^1.5.0
    bluebird: ^3.3.3
    eventemitter3: ^1.1.1
    https-proxy-agent: ^2.2.0
    inherits: ^2.0.1
    lodash: ^4.13.1
    pkginfo: ^0.4.0
    request: ^2.85.0
    retry: ^0.9.0
    url-join: 0.0.1
    winston: ^2.1.1
    ws: ^1.0.1
  checksum: 30dbc7603d504b5a17529d404ccf233887a6a33a9a4c48a4f38033cc6401f604ef7b7a71e70d3f0232e5db1593dc954fbf79a0c775f6218d34e93b02fc5d8ead
  languageName: node
  linkType: hard

"accepts@npm:~1.3.7":
  version: 1.3.7
  resolution: "accepts@npm:1.3.7"
  dependencies:
    mime-types: ~2.1.24
    negotiator: 0.6.2
  checksum: 27fc8060ffc69481ff6719cd3ee06387d2b88381cb0ce626f087781bbd02201a645a9febc8e7e7333558354b33b1d2f922ad13560be4ec1b7ba9e76fc1c1241d
  languageName: node
  linkType: hard

"agent-base@npm:^4.3.0":
  version: 4.3.0
  resolution: "agent-base@npm:4.3.0"
  dependencies:
    es6-promisify: ^5.0.0
  checksum: 0c10891060e579c67efafd6b62223666c4b4129b521eac3e9ad272a137545bcedb54ce352273b7ad21a0024060e4f1360ae9a465ac87e2af18883c937d39979f
  languageName: node
  linkType: hard

"ajv@npm:^6.12.3":
  version: 6.12.6
  resolution: "ajv@npm:6.12.6"
  dependencies:
    fast-deep-equal: ^3.1.1
    fast-json-stable-stringify: ^2.0.0
    json-schema-traverse: ^0.4.1
    uri-js: ^4.2.2
  checksum: 874972efe5c4202ab0a68379481fbd3d1b5d0a7bd6d3cc21d40d3536ebff3352a2a1fabb632d4fd2cc7fe4cbdcd5ed6782084c9bbf7f32a1536d18f9da5007d4
  languageName: node
  linkType: hard

"ansi-regex@npm:^2.0.0":
  version: 2.1.1
  resolution: "ansi-regex@npm:2.1.1"
  checksum: 190abd03e4ff86794f338a31795d262c1dfe8c91f7e01d04f13f646f1dcb16c5800818f886047876f1272f065570ab86b24b99089f8b68a0e11ff19aed4ca8f1
  languageName: node
  linkType: hard

"ansi-styles@npm:^2.2.1":
  version: 2.2.1
  resolution: "ansi-styles@npm:2.2.1"
  checksum: ebc0e00381f2a29000d1dac8466a640ce11943cef3bda3cd0020dc042e31e1058ab59bf6169cd794a54c3a7338a61ebc404b7c91e004092dd20e028c432c9c2c
  languageName: node
  linkType: hard

"array-flatten@npm:1.1.1":
  version: 1.1.1
  resolution: "array-flatten@npm:1.1.1"
  checksum: a9925bf3512d9dce202112965de90c222cd59a4fbfce68a0951d25d965cf44642931f40aac72309c41f12df19afa010ecadceb07cfff9ccc1621e99d89ab5f3b
  languageName: node
  linkType: hard

"asn1@npm:~0.2.3":
  version: 0.2.3
  resolution: "asn1@npm:0.2.3"
  checksum: 6580b5d5c1b84830011428dffee9b84eb8358cc155cd31ff0d14f03774695e5e183466aad87f525a77bfe6ae32c40b1cac8264839586419694a33a0c5c5eca1a
  languageName: node
  linkType: hard

"assert-plus@npm:1.0.0, assert-plus@npm:^1.0.0":
  version: 1.0.0
  resolution: "assert-plus@npm:1.0.0"
  checksum: 19b4340cb8f0e6a981c07225eacac0e9d52c2644c080198765d63398f0075f83bbc0c8e95474d54224e297555ad0d631c1dcd058adb1ddc2437b41a6b424ac64
  languageName: node
  linkType: hard

"async@npm:>=0.1.0 <1.0.0":
  version: 0.9.2
  resolution: "async@npm:0.9.2"
  checksum: 87dbf129292b8a6c32a4e07f43f462498162aa86f404a7e11f978dbfdf75cfb163c26833684bb07b9d436083cd604cbbf730a57bfcbe436c6ae1ed266cdc56bb
  languageName: node
  linkType: hard

"async@npm:^1.5.0":
  version: 1.5.2
  resolution: "async@npm:1.5.2"
  checksum: fe5d6214d8f15bd51eee5ae8ec5079b228b86d2d595f47b16369dec2e11b3ff75a567bb5f70d12d79006665fbbb7ee0a7ec0e388524eefd454ecbe651c124ebd
  languageName: node
  linkType: hard

"async@npm:~1.0.0":
  version: 1.0.0
  resolution: "async@npm:1.0.0"
  checksum: 04d4e57806b1a46b1635a3d821a9bcc06f893d6828a0468ceb494d1857b565754cbbaed22529aef79749dbbe7cf5080bfdb346b54be0e9cd35c41d7ef8d7911f
  languageName: node
  linkType: hard

"asynckit@npm:^0.4.0":
  version: 0.4.0
  resolution: "asynckit@npm:0.4.0"
  checksum: 7b78c451df768adba04e2d02e63e2d0bf3b07adcd6e42b4cf665cb7ce899bedd344c69a1dcbce355b5f972d597b25aaa1c1742b52cffd9caccb22f348114f6be
  languageName: node
  linkType: hard

"aws-sign2@npm:~0.7.0":
  version: 0.7.0
  resolution: "aws-sign2@npm:0.7.0"
  checksum: b148b0bb0778098ad8cf7e5fc619768bcb51236707ca1d3e5b49e41b171166d8be9fdc2ea2ae43d7decf02989d0aaa3a9c4caa6f320af95d684de9b548a71525
  languageName: node
  linkType: hard

"aws4@npm:^1.8.0":
  version: 1.11.0
  resolution: "aws4@npm:1.11.0"
  checksum: 5a00d045fd0385926d20ebebcfba5ec79d4482fe706f63c27b324d489a04c68edb0db99ed991e19eda09cb8c97dc2452059a34d97545cebf591d7a2b5a10999f
  languageName: node
  linkType: hard

"axios@npm:0.24.0":
  version: 0.24.0
  resolution: "axios@npm:0.24.0"
  dependencies:
    follow-redirects: ^1.14.4
  checksum: 468cf496c08a6aadfb7e699bebdac02851e3043d4e7d282350804ea8900e30d368daa6e3cd4ab83b8ddb5a3b1e17a5a21ada13fc9cebd27b74828f47a4236316
  languageName: node
  linkType: hard

"bcrypt-pbkdf@npm:^1.0.0":
  version: 1.0.1
  resolution: "bcrypt-pbkdf@npm:1.0.1"
  dependencies:
    tweetnacl: ^0.14.3
  checksum: 4d636a346e83665ef29ba096738f006c67b0ea51f0a331fa7f9d9d40adfeb02002253d08e88c0972f9513572a6f7ad9a0c769e7354f50a9f9d34f7253d8298f7
  languageName: node
  linkType: hard

"bluebird@npm:^3.3.3":
  version: 3.5.0
  resolution: "bluebird@npm:3.5.0"
  checksum: 744f6fe6590d7e0f54044b7e08ca3bb02a8e63899f0ee3478ba42442a2426928d8d6f0418966ab47597ff0a1e1ec6e217666b54074e0433c6ee820bacad01100
  languageName: node
  linkType: hard

"bluebird@npm:^3.5.1":
  version: 3.7.2
  resolution: "bluebird@npm:3.7.2"
  checksum: 869417503c722e7dc54ca46715f70e15f4d9c602a423a02c825570862d12935be59ed9c7ba34a9b31f186c017c23cac6b54e35446f8353059c101da73eac22ef
  languageName: node
  linkType: hard

"body-parser@npm:1.19.0":
  version: 1.19.0
  resolution: "body-parser@npm:1.19.0"
  dependencies:
    bytes: 3.1.0
    content-type: ~1.0.4
    debug: 2.6.9
    depd: ~1.1.2
    http-errors: 1.7.2
    iconv-lite: 0.4.24
    on-finished: ~2.3.0
    qs: 6.7.0
    raw-body: 2.4.0
    type-is: ~1.6.17
  checksum: 490231b4c89bbd43112762f7ba8e5342c174a6c9f64284a3b0fcabf63277e332f8316765596f1e5b15e4f3a6cf0422e005f4bb3149ed3a224bb025b7a36b9ac1
  languageName: node
  linkType: hard

"bytes@npm:3.1.0":
  version: 3.1.0
  resolution: "bytes@npm:3.1.0"
  checksum: 7c3b21c5d9d44ed455460d5d36a31abc6fa2ce3807964ba60a4b03fd44454c8cf07bb0585af83bfde1c5cc2ea4bbe5897bc3d18cd15e0acf25a3615a35aba2df
  languageName: node
  linkType: hard

"caseless@npm:~0.12.0":
  version: 0.12.0
  resolution: "caseless@npm:0.12.0"
  checksum: b43bd4c440aa1e8ee6baefee8063b4850fd0d7b378f6aabc796c9ec8cb26d27fb30b46885350777d9bd079c5256c0e1329ad0dc7c2817e0bb466810ebb353751
  languageName: node
  linkType: hard

"chalk@npm:^1.0.0":
  version: 1.1.3
  resolution: "chalk@npm:1.1.3"
  dependencies:
    ansi-styles: ^2.2.1
    escape-string-regexp: ^1.0.2
    has-ansi: ^2.0.0
    strip-ansi: ^3.0.0
    supports-color: ^2.0.0
  checksum: 9d2ea6b98fc2b7878829eec223abcf404622db6c48396a9b9257f6d0ead2acf18231ae368d6a664a83f272b0679158da12e97b5229f794939e555cc574478acd
  languageName: node
  linkType: hard

"cline@npm:^0.8.2":
  version: 0.8.2
  resolution: "cline@npm:0.8.2"
  checksum: 6da9c4625c03058ef07750094cbfa07dccdb1df8a79f62aafac34485c95acd6925932755b67b5b98ef4d4c50a66425c5e1bf9eb9f98a14c17b8d2247d273fb86
  languageName: node
  linkType: hard

"coffeescript@npm:1.6.3":
  version: 1.6.3
  resolution: "coffeescript@npm:1.6.3"
  bin:
    cake: ./bin/cake
    coffee: ./bin/coffee
  checksum: 6a80691efb4c947369eff0c19c1bfc439a4a24a0ea6a45d96713da99cc7c0daf1968080487c1add215b572e223958219a3ac9edf591eba357ee20088d810a776
  languageName: node
  linkType: hard

"colors@npm:1.0.x":
  version: 1.0.3
  resolution: "colors@npm:1.0.3"
  checksum: 234e8d3ab7e4003851cdd6a1f02eaa16dabc502ee5f4dc576ad7959c64b7477b15bd21177bab4055a4c0a66aa3d919753958030445f87c39a253d73b7a3637f5
  languageName: node
  linkType: hard

"combined-stream@npm:^1.0.6, combined-stream@npm:~1.0.6":
  version: 1.0.8
  resolution: "combined-stream@npm:1.0.8"
  dependencies:
    delayed-stream: ~1.0.0
  checksum: 49fa4aeb4916567e33ea81d088f6584749fc90c7abec76fd516bf1c5aa5c79f3584b5ba3de6b86d26ddd64bae5329c4c7479343250cfe71c75bb366eae53bb7c
  languageName: node
  linkType: hard

"connect-multiparty@npm:^2.1.1":
  version: 2.2.0
  resolution: "connect-multiparty@npm:2.2.0"
  dependencies:
    http-errors: ~1.7.0
    multiparty: ~4.2.1
    on-finished: ~2.3.0
    qs: ~6.5.2
    type-is: ~1.6.16
  checksum: 8c0505da09408601e85cfacbd6bf37de4ebe6b4dfc83fb8a3b5e391ae1e7d65604f50bf19c64fd861f4f848e33b462cec033d0c57f043b28ff2c209ddb857ee0
  languageName: node
  linkType: hard

"content-disposition@npm:0.5.3":
  version: 0.5.3
  resolution: "content-disposition@npm:0.5.3"
  dependencies:
    safe-buffer: 5.1.2
  checksum: 95bf164c0b0b8199d3f44b7631e51b37f683c6a90b9baa4315bd3d405a6d1bc81b7346f0981046aa004331fb3d7a28b629514d01fc209a5251573fc7e4d33380
  languageName: node
  linkType: hard

"content-type@npm:~1.0.4":
  version: 1.0.4
  resolution: "content-type@npm:1.0.4"
  checksum: 3d93585fda985d1554eca5ebd251994327608d2e200978fdbfba21c0c679914d5faf266d17027de44b34a72c7b0745b18584ecccaa7e1fdfb6a68ac7114f12e0
  languageName: node
  linkType: hard

"cookie-signature@npm:1.0.6":
  version: 1.0.6
  resolution: "cookie-signature@npm:1.0.6"
  checksum: f4e1b0a98a27a0e6e66fd7ea4e4e9d8e038f624058371bf4499cfcd8f3980be9a121486995202ba3fca74fbed93a407d6d54d43a43f96fd28d0bd7a06761591a
  languageName: node
  linkType: hard

"cookie@npm:0.4.0":
  version: 0.4.0
  resolution: "cookie@npm:0.4.0"
  checksum: 760384ba0aef329c52523747e36a452b5e51bc49b34160363a6934e7b7df3f93fcc88b35e33450361535d40a92a96412da870e1816aba9aa6cc556a9fedd8492
  languageName: node
  linkType: hard

"core-util-is@npm:1.0.2":
  version: 1.0.2
  resolution: "core-util-is@npm:1.0.2"
  checksum: 7a4c925b497a2c91421e25bf76d6d8190f0b2359a9200dbeed136e63b2931d6294d3b1893eda378883ed363cd950f44a12a401384c609839ea616befb7927dab
  languageName: node
  linkType: hard

"cycle@npm:1.0.x":
  version: 1.0.3
  resolution: "cycle@npm:1.0.3"
  checksum: b9f131094fb832a8c4ba18c6d2dc9c87fc80d3242847a45f0a5f70911b2acab68abc1c25eb23e5155fcf2135a27d8fcc3635556745b03b488c4f360cfbc352df
  languageName: node
  linkType: hard

"dashdash@npm:^1.12.0":
  version: 1.14.1
  resolution: "dashdash@npm:1.14.1"
  dependencies:
    assert-plus: ^1.0.0
  checksum: 3634c249570f7f34e3d34f866c93f866c5b417f0dd616275decae08147dcdf8fccfaa5947380ccfb0473998ea3a8057c0b4cd90c875740ee685d0624b2983598
  languageName: node
  linkType: hard

"debug@npm:2.6.9":
  version: 2.6.9
  resolution: "debug@npm:2.6.9"
  dependencies:
    ms: 2.0.0
  checksum: d2f51589ca66df60bf36e1fa6e4386b318c3f1e06772280eea5b1ae9fd3d05e9c2b7fd8a7d862457d00853c75b00451aa2d7459b924629ee385287a650f58fe6
  languageName: node
  linkType: hard

"debug@npm:^3.1.0":
  version: 3.2.7
  resolution: "debug@npm:3.2.7"
  dependencies:
    ms: ^2.1.1
  checksum: b3d8c5940799914d30314b7c3304a43305fd0715581a919dacb8b3176d024a782062368405b47491516d2091d6462d4d11f2f4974a405048094f8bfebfa3071c
  languageName: node
  linkType: hard

"delayed-stream@npm:~1.0.0":
  version: 1.0.0
  resolution: "delayed-stream@npm:1.0.0"
  checksum: 46fe6e83e2cb1d85ba50bd52803c68be9bd953282fa7096f51fc29edd5d67ff84ff753c51966061e5ba7cb5e47ef6d36a91924eddb7f3f3483b1c560f77a0020
  languageName: node
  linkType: hard

"depd@npm:~1.1.2":
  version: 1.1.2
  resolution: "depd@npm:1.1.2"
  checksum: 6b406620d269619852885ce15965272b829df6f409724415e0002c8632ab6a8c0a08ec1f0bd2add05dc7bd7507606f7e2cc034fa24224ab829580040b835ecd9
  languageName: node
  linkType: hard

"destroy@npm:~1.0.4":
  version: 1.0.4
  resolution: "destroy@npm:1.0.4"
  checksum: da9ab4961dc61677c709da0c25ef01733042614453924d65636a7db37308fef8a24cd1e07172e61173d471ca175371295fbc984b0af5b2b4ff47cd57bd784c03
  languageName: node
  linkType: hard

"double-ended-queue@npm:^2.1.0-0":
  version: 2.1.0-0
  resolution: "double-ended-queue@npm:2.1.0-0"
  checksum: 3030cf9dcf6f8e7d8cb6ae5b7304890445d7c32233a614e400ba7b378086ad76f5822d0e501afd5ffe0af1de4bcb842fa23d4c79174d54f6566399435fafc271
  languageName: node
  linkType: hard

"ecc-jsbn@npm:~0.1.1":
  version: 0.1.1
  resolution: "ecc-jsbn@npm:0.1.1"
  dependencies:
    jsbn: ~0.1.0
  checksum: ab7608298b904809255b020e4ebe893d04b453b805c06af928122f5fc33a46956ed6c820b235efd7acc6a9b1ac87ce0ea85f61e3d9f84b33a2ce60e5f5e7d36c
  languageName: node
  linkType: hard

"ee-first@npm:1.1.1":
  version: 1.1.1
  resolution: "ee-first@npm:1.1.1"
  checksum: 1b4cac778d64ce3b582a7e26b218afe07e207a0f9bfe13cc7395a6d307849cfe361e65033c3251e00c27dd060cab43014c2d6b2647676135e18b77d2d05b3f4f
  languageName: node
  linkType: hard

"encodeurl@npm:~1.0.2":
  version: 1.0.2
  resolution: "encodeurl@npm:1.0.2"
  checksum: e50e3d508cdd9c4565ba72d2012e65038e5d71bdc9198cb125beb6237b5b1ade6c0d343998da9e170fb2eae52c1bed37d4d6d98a46ea423a0cddbed5ac3f780c
  languageName: node
  linkType: hard

"es6-promise@npm:^4.0.3":
  version: 4.2.8
  resolution: "es6-promise@npm:4.2.8"
  checksum: 95614a88873611cb9165a85d36afa7268af5c03a378b35ca7bda9508e1d4f1f6f19a788d4bc755b3fd37c8ebba40782018e02034564ff24c9d6fa37e959ad57d
  languageName: node
  linkType: hard

"es6-promisify@npm:^5.0.0":
  version: 5.0.0
  resolution: "es6-promisify@npm:5.0.0"
  dependencies:
    es6-promise: ^4.0.3
  checksum: fbed9d791598831413be84a5374eca8c24800ec71a16c1c528c43a98e2dadfb99331483d83ae6094ddb9b87e6f799a15d1553cebf756047e0865c753bc346b92
  languageName: node
  linkType: hard

"escape-html@npm:~1.0.3":
  version: 1.0.3
  resolution: "escape-html@npm:1.0.3"
  checksum: 6213ca9ae00d0ab8bccb6d8d4e0a98e76237b2410302cf7df70aaa6591d509a2a37ce8998008cbecae8fc8ffaadf3fb0229535e6a145f3ce0b211d060decbb24
  languageName: node
  linkType: hard

"escape-string-regexp@npm:^1.0.2":
  version: 1.0.5
  resolution: "escape-string-regexp@npm:1.0.5"
  checksum: 6092fda75c63b110c706b6a9bfde8a612ad595b628f0bd2147eea1d3406723020810e591effc7db1da91d80a71a737a313567c5abb3813e8d9c71f4aa595b410
  languageName: node
  linkType: hard

"etag@npm:~1.8.1":
  version: 1.8.1
  resolution: "etag@npm:1.8.1"
  checksum: 571aeb3dbe0f2bbd4e4fadbdb44f325fc75335cd5f6f6b6a091e6a06a9f25ed5392f0863c5442acb0646787446e816f13cbfc6edce5b07658541dff573cab1ff
  languageName: node
  linkType: hard

"eventemitter3@npm:^1.1.1":
  version: 1.2.0
  resolution: "eventemitter3@npm:1.2.0"
  checksum: 1ce3c91340f5038bd611c31a32c69167ccc598049a6844f58400583b4d70f5c0c2d13a201c763624f81de461498fe2767d0bfadcb2c0c417e37556a481b00c1d
  languageName: node
  linkType: hard

"express@npm:^4.16.3":
  version: 4.17.1
  resolution: "express@npm:4.17.1"
  dependencies:
    accepts: ~1.3.7
    array-flatten: 1.1.1
    body-parser: 1.19.0
    content-disposition: 0.5.3
    content-type: ~1.0.4
    cookie: 0.4.0
    cookie-signature: 1.0.6
    debug: 2.6.9
    depd: ~1.1.2
    encodeurl: ~1.0.2
    escape-html: ~1.0.3
    etag: ~1.8.1
    finalhandler: ~1.1.2
    fresh: 0.5.2
    merge-descriptors: 1.0.1
    methods: ~1.1.2
    on-finished: ~2.3.0
    parseurl: ~1.3.3
    path-to-regexp: 0.1.7
    proxy-addr: ~2.0.5
    qs: 6.7.0
    range-parser: ~1.2.1
    safe-buffer: 5.1.2
    send: 0.17.1
    serve-static: 1.14.1
    setprototypeof: 1.1.1
    statuses: ~1.5.0
    type-is: ~1.6.18
    utils-merge: 1.0.1
    vary: ~1.1.2
  checksum: d964e9e17af331ea6fa2f84999b063bc47189dd71b4a735df83f9126d3bb2b92e830f1cb1d7c2742530eb625e2689d7a9a9c71f0c3cc4dd6015c3cd32a01abd5
  languageName: node
  linkType: hard

"extend@npm:~3.0.2":
  version: 3.0.2
  resolution: "extend@npm:3.0.2"
  checksum: a50a8309ca65ea5d426382ff09f33586527882cf532931cb08ca786ea3146c0553310bda688710ff61d7668eba9f96b923fe1420cdf56a2c3eaf30fcab87b515
  languageName: node
  linkType: hard

"extsprintf@npm:1.3.0, extsprintf@npm:^1.2.0":
  version: 1.3.0
  resolution: "extsprintf@npm:1.3.0"
  checksum: cee7a4a1e34cffeeec18559109de92c27517e5641991ec6bab849aa64e3081022903dd53084f2080d0d2530803aa5ee84f1e9de642c365452f9e67be8f958ce2
  languageName: node
  linkType: hard

"eyes@npm:0.1.x":
  version: 0.1.8
  resolution: "eyes@npm:0.1.8"
  checksum: c31703a92bf36ba75ee8d379ee7985c24ee6149f3a6175f44cec7a05b178c38bce9836d3ca48c9acb0329a960ac2c4b2ead4e60cdd4fe6e8c92cad7cd6913687
  languageName: node
  linkType: hard

"fast-deep-equal@npm:^3.1.1":
  version: 3.1.3
  resolution: "fast-deep-equal@npm:3.1.3"
  checksum: e21a9d8d84f53493b6aa15efc9cfd53dd5b714a1f23f67fb5dc8f574af80df889b3bce25dc081887c6d25457cce704e636395333abad896ccdec03abaf1f3f9d
  languageName: node
  linkType: hard

"fast-json-stable-stringify@npm:^2.0.0":
  version: 2.1.0
  resolution: "fast-json-stable-stringify@npm:2.1.0"
  checksum: b191531e36c607977e5b1c47811158733c34ccb3bfde92c44798929e9b4154884378536d26ad90dfecd32e1ffc09c545d23535ad91b3161a27ddbb8ebe0cbecb
  languageName: node
  linkType: hard

"finalhandler@npm:~1.1.2":
  version: 1.1.2
  resolution: "finalhandler@npm:1.1.2"
  dependencies:
    debug: 2.6.9
    encodeurl: ~1.0.2
    escape-html: ~1.0.3
    on-finished: ~2.3.0
    parseurl: ~1.3.3
    statuses: ~1.5.0
    unpipe: ~1.0.0
  checksum: 617880460c5138dd7ccfd555cb5dde4d8f170f4b31b8bd51e4b646bb2946c30f7db716428a1f2882d730d2b72afb47d1f67cc487b874cb15426f95753a88965e
  languageName: node
  linkType: hard

"follow-redirects@npm:^1.14.4":
  version: 1.14.6
  resolution: "follow-redirects@npm:1.14.6"
  peerDependenciesMeta:
    debug:
      optional: true
  checksum: 7fcdb089a733d2aa39041880790e9f772df009fcd0b243fee7e10acf0e14a8dab5208cf79eb1de35b9cc6033d4dde7f95becadfaa360c50d460b4c730b375e80
  languageName: node
  linkType: hard

"forever-agent@npm:~0.6.1":
  version: 0.6.1
  resolution: "forever-agent@npm:0.6.1"
  checksum: 766ae6e220f5fe23676bb4c6a99387cec5b7b62ceb99e10923376e27bfea72f3c3aeec2ba5f45f3f7ba65d6616965aa7c20b15002b6860833bb6e394dea546a8
  languageName: node
  linkType: hard

"form-data@npm:~2.3.2":
  version: 2.3.3
  resolution: "form-data@npm:2.3.3"
  dependencies:
    asynckit: ^0.4.0
    combined-stream: ^1.0.6
    mime-types: ^2.1.12
  checksum: 10c1780fa13dbe1ff3100114c2ce1f9307f8be10b14bf16e103815356ff567b6be39d70fc4a40f8990b9660012dc24b0f5e1dde1b6426166eb23a445ba068ca3
  languageName: node
  linkType: hard

"forwarded@npm:0.2.0":
  version: 0.2.0
  resolution: "forwarded@npm:0.2.0"
  checksum: fd27e2394d8887ebd16a66ffc889dc983fbbd797d5d3f01087c020283c0f019a7d05ee85669383d8e0d216b116d720fc0cef2f6e9b7eb9f4c90c6e0bc7fd28e6
  languageName: node
  linkType: hard

"fresh@npm:0.5.2":
  version: 0.5.2
  resolution: "fresh@npm:0.5.2"
  checksum: 13ea8b08f91e669a64e3ba3a20eb79d7ca5379a81f1ff7f4310d54e2320645503cc0c78daedc93dfb6191287295f6479544a649c64d8e41a1c0fb0c221552346
  languageName: node
  linkType: hard

"getpass@npm:^0.1.1":
  version: 0.1.7
  resolution: "getpass@npm:0.1.7"
  dependencies:
    assert-plus: ^1.0.0
  checksum: ab18d55661db264e3eac6012c2d3daeafaab7a501c035ae0ccb193c3c23e9849c6e29b6ac762b9c2adae460266f925d55a3a2a3a3c8b94be2f222df94d70c046
  languageName: node
  linkType: hard

"har-schema@npm:^2.0.0":
  version: 2.0.0
  resolution: "har-schema@npm:2.0.0"
  checksum: d8946348f333fb09e2bf24cc4c67eabb47c8e1d1aa1c14184c7ffec1140a49ec8aa78aa93677ae452d71d5fc0fdeec20f0c8c1237291fc2bcb3f502a5d204f9b
  languageName: node
  linkType: hard

"har-validator@npm:~5.1.3":
  version: 5.1.5
  resolution: "har-validator@npm:5.1.5"
  dependencies:
    ajv: ^6.12.3
    har-schema: ^2.0.0
  checksum: b998a7269ca560d7f219eedc53e2c664cd87d487e428ae854a6af4573fc94f182fe9d2e3b92ab968249baec7ebaf9ead69cf975c931dc2ab282ec182ee988280
  languageName: node
  linkType: hard

"has-ansi@npm:^2.0.0":
  version: 2.0.0
  resolution: "has-ansi@npm:2.0.0"
  dependencies:
    ansi-regex: ^2.0.0
  checksum: 1b51daa0214440db171ff359d0a2d17bc20061164c57e76234f614c91dbd2a79ddd68dfc8ee73629366f7be45a6df5f2ea9de83f52e1ca24433f2cc78c35d8ec
  languageName: node
  linkType: hard

"http-errors@npm:1.7.2":
  version: 1.7.2
  resolution: "http-errors@npm:1.7.2"
  dependencies:
    depd: ~1.1.2
    inherits: 2.0.3
    setprototypeof: 1.1.1
    statuses: ">= 1.5.0 < 2"
    toidentifier: 1.0.0
  checksum: 5534b0ae08e77f5a45a2380f500e781f6580c4ff75b816cb1f09f99a290b57e78a518be6d866db1b48cca6b052c09da2c75fc91fb16a2fe3da3c44d9acbb9972
  languageName: node
  linkType: hard

"http-errors@npm:~1.7.0, http-errors@npm:~1.7.2":
  version: 1.7.3
  resolution: "http-errors@npm:1.7.3"
  dependencies:
    depd: ~1.1.2
    inherits: 2.0.4
    setprototypeof: 1.1.1
    statuses: ">= 1.5.0 < 2"
    toidentifier: 1.0.0
  checksum: a59f359473f4b3ea78305beee90d186268d6075432622a46fb7483059068a2dd4c854a20ac8cd438883127e06afb78c1309168bde6cdfeed1e3700eb42487d99
  languageName: node
  linkType: hard

"http-errors@npm:~1.8.0":
  version: 1.8.1
  resolution: "http-errors@npm:1.8.1"
  dependencies:
    depd: ~1.1.2
    inherits: 2.0.4
    setprototypeof: 1.2.0
    statuses: ">= 1.5.0 < 2"
    toidentifier: 1.0.1
  checksum: d3c7e7e776fd51c0a812baff570bdf06fe49a5dc448b700ab6171b1250e4cf7db8b8f4c0b133e4bfe2451022a5790c1ca6c2cae4094dedd6ac8304a1267f91d2
  languageName: node
  linkType: hard

"http-signature@npm:~1.2.0":
  version: 1.2.0
  resolution: "http-signature@npm:1.2.0"
  dependencies:
    assert-plus: ^1.0.0
    jsprim: ^1.2.2
    sshpk: ^1.7.0
  checksum: 3324598712266a9683585bb84a75dec4fd550567d5e0dd4a0fff6ff3f74348793404d3eeac4918fa0902c810eeee1a86419e4a2e92a164132dfe6b26743fb47c
  languageName: node
  linkType: hard

"https-proxy-agent@npm:^2.2.0":
  version: 2.2.4
  resolution: "https-proxy-agent@npm:2.2.4"
  dependencies:
    agent-base: ^4.3.0
    debug: ^3.1.0
  checksum: 5fa8eab256b117a8badb5747bedf8b3a9de1fbabdccb26ff3132385426fdc3ad3c8b092ce52a1b74c70229b971df623f4f5a0c17f78e6a8fe5d10fc65d6ed8b8
  languageName: node
  linkType: hard

"hubot-help@npm:1.0.1":
  version: 1.0.1
  resolution: "hubot-help@npm:1.0.1"
  peerDependencies:
    hubot: ">=2 <10 || 0.0.0-development"
  checksum: f2ebf77c86131e90d0bafaab4885db307dd3b00511f98e55beddacbade1ff6d9a7b830c4e0db00011738e6c71e99cd5c9b74d4d1a376c2d3dc4b08967e16cc9b
  languageName: node
  linkType: hard

"hubot-heroku-keepalive@npm:^1.0.3":
  version: 1.0.3
  resolution: "hubot-heroku-keepalive@npm:1.0.3"
  peerDependencies:
    hubot: ">=2 <10 || 0.0.0-development"
  checksum: c8d7eb556364038a43cac8329381d4855bc312b01c95f2fca19374aa351eedec4ddc66b9f594d834b369e7729938753eba48bcd66f910a2c3a537103b8a0069f
  languageName: node
  linkType: hard

"hubot-redis-brain@npm:1.0.0":
  version: 1.0.0
  resolution: "hubot-redis-brain@npm:1.0.0"
  dependencies:
    redis: ^2.7.1
  peerDependencies:
    hubot: ">=2 <10 || 0.0.0-development"
  checksum: 5ff613c57a3b2b7d3f2093c5adf5bef2e951ee861fa6d2b5be25a9c3e1561e933abbe73693bee4f816fd16c45a1e73a6c66069ba4d5459bf92ef4fcde3657e34
  languageName: node
  linkType: hard

"hubot-slack@npm:4.9.0":
  version: 4.9.0
  resolution: "hubot-slack@npm:4.9.0"
  dependencies:
    "@slack/client": 3.16.1-sec.2
    bluebird: ^3.5.1
    lodash: ^4.17.10
  peerDependencies:
    hubot: ">= 2.0.0"
  checksum: bf3028a6b60210ba9c26262564f71a535b3372d728084cef72f3e311b0801facda682ca83336e23e68444b2a107e3543e11b5a8becff438986231de32a02a80f
  languageName: node
  linkType: hard

"hubot@npm:3.3.2":
  version: 3.3.2
  resolution: "hubot@npm:3.3.2"
  dependencies:
    async: ">=0.1.0 <1.0.0"
    chalk: ^1.0.0
    cline: ^0.8.2
    coffeescript: 1.6.3
    connect-multiparty: ^2.1.1
    express: ^4.16.3
    log: 1.4.0
    optparse: 1.0.4
    scoped-http-client: 0.11.0
  bin:
    hubot: ./bin/hubot
  checksum: 9a47c5b0850fdc510d4847243aca2ba25f82e21295553187cf86d1546e89d8108aef248e58b49efbcf4bc3110390f47208a2c75de313b64b08f826c6a793a819
  languageName: node
  linkType: hard

"iconv-lite@npm:0.4.24":
  version: 0.4.24
  resolution: "iconv-lite@npm:0.4.24"
  dependencies:
    safer-buffer: ">= 2.1.2 < 3"
  checksum: bd9f120f5a5b306f0bc0b9ae1edeb1577161503f5f8252a20f1a9e56ef8775c9959fd01c55f2d3a39d9a8abaf3e30c1abeb1895f367dcbbe0a8fd1c9ca01c4f6
  languageName: node
  linkType: hard

"inherits@npm:2.0.3, inherits@npm:^2.0.1":
  version: 2.0.3
  resolution: "inherits@npm:2.0.3"
  checksum: 78cb8d7d850d20a5e9a7f3620db31483aa00ad5f722ce03a55b110e5a723539b3716a3b463e2b96ce3fe286f33afc7c131fa2f91407528ba80cea98a7545d4c0
  languageName: node
  linkType: hard

"inherits@npm:2.0.4":
  version: 2.0.4
  resolution: "inherits@npm:2.0.4"
  checksum: 4a48a733847879d6cf6691860a6b1e3f0f4754176e4d71494c41f3475553768b10f84b5ce1d40fbd0e34e6bfbb864ee35858ad4dd2cf31e02fc4a154b724d7f1
  languageName: node
  linkType: hard

"ipaddr.js@npm:1.9.1":
  version: 1.9.1
  resolution: "ipaddr.js@npm:1.9.1"
  checksum: f88d3825981486f5a1942414c8d77dd6674dd71c065adcfa46f578d677edcb99fda25af42675cb59db492fdf427b34a5abfcde3982da11a8fd83a500b41cfe77
  languageName: node
  linkType: hard

"is-typedarray@npm:~1.0.0":
  version: 1.0.0
  resolution: "is-typedarray@npm:1.0.0"
  checksum: 3508c6cd0a9ee2e0df2fa2e9baabcdc89e911c7bd5cf64604586697212feec525aa21050e48affb5ffc3df20f0f5d2e2cf79b08caa64e1ccc9578e251763aef7
  languageName: node
  linkType: hard

"isstream@npm:0.1.x, isstream@npm:~0.1.2":
  version: 0.1.2
  resolution: "isstream@npm:0.1.2"
  checksum: 1eb2fe63a729f7bdd8a559ab552c69055f4f48eb5c2f03724430587c6f450783c8f1cd936c1c952d0a927925180fcc892ebd5b174236cf1065d4bd5bdb37e963
  languageName: node
  linkType: hard

"jsbn@npm:~0.1.0":
  version: 0.1.1
  resolution: "jsbn@npm:0.1.1"
  checksum: e5ff29c1b8d965017ef3f9c219dacd6e40ad355c664e277d31246c90545a02e6047018c16c60a00f36d561b3647215c41894f5d869ada6908a2e0ce4200c88f2
  languageName: node
  linkType: hard

"json-schema-traverse@npm:^0.4.1":
  version: 0.4.1
  resolution: "json-schema-traverse@npm:0.4.1"
  checksum: 7486074d3ba247769fda17d5181b345c9fb7d12e0da98b22d1d71a5db9698d8b4bd900a3ec1a4ffdd60846fc2556274a5c894d0c48795f14cb03aeae7b55260b
  languageName: node
  linkType: hard

"json-schema@npm:0.2.3":
  version: 0.2.3
  resolution: "json-schema@npm:0.2.3"
  checksum: bbc2070988fb5f2a2266a31b956f1b5660e03ea7eaa95b33402901274f625feb586ae0c485e1df854fde40a7f0dc679f3b3ca8e5b8d31f8ea07a0d834de785c7
  languageName: node
  linkType: hard

"json-stringify-safe@npm:~5.0.1":
  version: 5.0.1
  resolution: "json-stringify-safe@npm:5.0.1"
  checksum: 48ec0adad5280b8a96bb93f4563aa1667fd7a36334f79149abd42446d0989f2ddc58274b479f4819f1f00617957e6344c886c55d05a4e15ebb4ab931e4a6a8ee
  languageName: node
  linkType: hard

"jsprim@npm:^1.2.2":
  version: 1.4.1
  resolution: "jsprim@npm:1.4.1"
  dependencies:
    assert-plus: 1.0.0
    extsprintf: 1.3.0
    json-schema: 0.2.3
    verror: 1.10.0
  checksum: 6bcb20ec265ae18bb48e540a6da2c65f9c844f7522712d6dfcb01039527a49414816f4869000493363f1e1ea96cbad00e46188d5ecc78257a19f152467587373
  languageName: node
  linkType: hard

"kodep-jarvis@workspace:.":
  version: 0.0.0-use.local
  resolution: "kodep-jarvis@workspace:."
  dependencies:
    axios: 0.24.0
    hubot: 3.3.2
    hubot-help: 1.0.1
    hubot-heroku-keepalive: ^1.0.3
    hubot-redis-brain: 1.0.0
    hubot-slack: 4.9.0
    lodash: ^4.17.21
  languageName: unknown
  linkType: soft

"lodash@npm:^4.13.1":
  version: 4.17.4
  resolution: "lodash@npm:4.17.4"
  checksum: 5fbe7d7c79cd11830d3a827e9eaae688778bc9c7f719207c5fb1fed9b1e60766e50904832990f0fd087b81fe207e944c80b12df5330d00b2f4d5b9ebc7bb1f18
  languageName: node
  linkType: hard

"lodash@npm:^4.17.10, lodash@npm:^4.17.21":
  version: 4.17.21
  resolution: "lodash@npm:4.17.21"
  checksum: eb835a2e51d381e561e508ce932ea50a8e5a68f4ebdd771ea240d3048244a8d13658acbd502cd4829768c56f2e16bdd4340b9ea141297d472517b83868e677f7
  languageName: node
  linkType: hard

"log@npm:1.4.0":
  version: 1.4.0
  resolution: "log@npm:1.4.0"
  checksum: a9db7c809b8eb3b644223650f28964a5d33178ab56155d2956af7cc1e4ab667203cb76eadfa0fb0e8ab11494645ccd26bd4d936916765c081cfeba9e4fd5d3c4
  languageName: node
  linkType: hard

"media-typer@npm:0.3.0":
  version: 0.3.0
  resolution: "media-typer@npm:0.3.0"
  checksum: af1b38516c28ec95d6b0826f6c8f276c58aec391f76be42aa07646b4e39d317723e869700933ca6995b056db4b09a78c92d5440dc23657e6764be5d28874bba1
  languageName: node
  linkType: hard

"merge-descriptors@npm:1.0.1":
  version: 1.0.1
  resolution: "merge-descriptors@npm:1.0.1"
  checksum: 5abc259d2ae25bb06d19ce2b94a21632583c74e2a9109ee1ba7fd147aa7362b380d971e0251069f8b3eb7d48c21ac839e21fa177b335e82c76ec172e30c31a26
  languageName: node
  linkType: hard

"methods@npm:~1.1.2":
  version: 1.1.2
  resolution: "methods@npm:1.1.2"
  checksum: 0917ff4041fa8e2f2fda5425a955fe16ca411591fbd123c0d722fcf02b73971ed6f764d85f0a6f547ce49ee0221ce2c19a5fa692157931cecb422984f1dcd13a
  languageName: node
  linkType: hard

"mime-db@npm:1.51.0":
  version: 1.51.0
  resolution: "mime-db@npm:1.51.0"
  checksum: 613b1ac9d6e725cc24444600b124a7f1ce6c60b1baa654f39a3e260d0995a6dffc5693190217e271af7e2a5612dae19f2a73f3e316707d797a7391165f7ef423
  languageName: node
  linkType: hard

"mime-db@npm:~1.30.0":
  version: 1.30.0
  resolution: "mime-db@npm:1.30.0"
  checksum: 7a07b34757bf421ac2b1da589fe5c8076457bcd713636cbaabc282394637e5d59293196af95fbe14317717bc2867cb4b15f1a627a1cf25c450cc667dd71e7d4a
  languageName: node
  linkType: hard

"mime-types@npm:^2.1.12":
  version: 2.1.17
  resolution: "mime-types@npm:2.1.17"
  dependencies:
    mime-db: ~1.30.0
  checksum: 77dca3403fe11c164ef259b9914b7a3bf1bbdbfa7ba7a5fb9cbf10622bd7a95057a17bd1f81f04f1887b32f3ba458d5a016713d83500c4607fed3277dd2656a8
  languageName: node
  linkType: hard

"mime-types@npm:~2.1.19, mime-types@npm:~2.1.24":
  version: 2.1.34
  resolution: "mime-types@npm:2.1.34"
  dependencies:
    mime-db: 1.51.0
  checksum: 67013de9e9d6799bde6d669d18785b7e18bcd212e710d3e04a4727f92f67a8ad4e74aee24be28b685adb794944814bde649119b58ee3282ffdbee58f9278d9f3
  languageName: node
  linkType: hard

"mime@npm:1.6.0":
  version: 1.6.0
  resolution: "mime@npm:1.6.0"
  bin:
    mime: cli.js
  checksum: fef25e39263e6d207580bdc629f8872a3f9772c923c7f8c7e793175cee22777bbe8bba95e5d509a40aaa292d8974514ce634ae35769faa45f22d17edda5e8557
  languageName: node
  linkType: hard

"ms@npm:2.0.0":
  version: 2.0.0
  resolution: "ms@npm:2.0.0"
  checksum: 0e6a22b8b746d2e0b65a430519934fefd41b6db0682e3477c10f60c76e947c4c0ad06f63ffdf1d78d335f83edee8c0aa928aa66a36c7cd95b69b26f468d527f4
  languageName: node
  linkType: hard

"ms@npm:2.1.1":
  version: 2.1.1
  resolution: "ms@npm:2.1.1"
  checksum: 0078a23cd916a9a7435c413caa14c57d4b4f6e2470e0ab554b6964163c8a4436448ac7ae020e883685475da6b6796cc396b670f579cb275db288a21e3e57721e
  languageName: node
  linkType: hard

"ms@npm:^2.1.1":
  version: 2.1.3
  resolution: "ms@npm:2.1.3"
  checksum: aa92de608021b242401676e35cfa5aa42dd70cbdc082b916da7fb925c542173e36bce97ea3e804923fe92c0ad991434e4a38327e15a1b5b5f945d66df615ae6d
  languageName: node
  linkType: hard

"multiparty@npm:~4.2.1":
  version: 4.2.2
  resolution: "multiparty@npm:4.2.2"
  dependencies:
    http-errors: ~1.8.0
    safe-buffer: 5.2.1
    uid-safe: 2.1.5
  checksum: 98a431e87c8bdfdb4fac1251997c1fb634cac79d11fa8cb6c9027a3e731185dc537b38258ad0f6a73fe4a26327036969ac25bc6392c55f3291783024158a05c3
  languageName: node
  linkType: hard

"negotiator@npm:0.6.2":
  version: 0.6.2
  resolution: "negotiator@npm:0.6.2"
  checksum: dfddaff6c06792f1c4c3809e29a427b8daef8cd437c83b08dd51d7ee11bbd1c29d9512d66b801144d6c98e910ffd8723f2432e0cbf8b18d41d2a09599c975ab3
  languageName: node
  linkType: hard

"oauth-sign@npm:~0.9.0":
  version: 0.9.0
  resolution: "oauth-sign@npm:0.9.0"
  checksum: 8f5497a127967866a3c67094c21efd295e46013a94e6e828573c62220e9af568cc1d2d04b16865ba583e430510fa168baf821ea78f355146d8ed7e350fc44c64
  languageName: node
  linkType: hard

"on-finished@npm:~2.3.0":
  version: 2.3.0
  resolution: "on-finished@npm:2.3.0"
  dependencies:
    ee-first: 1.1.1
  checksum: 1db595bd963b0124d6fa261d18320422407b8f01dc65863840f3ddaaf7bcad5b28ff6847286703ca53f4ec19595bd67a2f1253db79fc4094911ec6aa8df1671b
  languageName: node
  linkType: hard

"options@npm:>=0.0.5":
  version: 0.0.6
  resolution: "options@npm:0.0.6"
  checksum: 8601fdc0a3e14987b7f2509676e5e5d8afe601c64600d9bad3a0aad7e8ed8631ad47e2fa155c63e4043832122d6f6e3251d276307a032d0bb50cc252980e3712
  languageName: node
  linkType: hard

"optparse@npm:1.0.4":
  version: 1.0.4
  resolution: "optparse@npm:1.0.4"
  checksum: 19fd634c277614f9b2edad6c171cf32dd941b2c70b4056631a11a9b1e2fe4385736899708844c3a0c28f0d7ca92b79c700ef86284a63aa0e98ee702b7b0cfb03
  languageName: node
  linkType: hard

"parseurl@npm:~1.3.3":
  version: 1.3.3
  resolution: "parseurl@npm:1.3.3"
  checksum: 407cee8e0a3a4c5cd472559bca8b6a45b82c124e9a4703302326e9ab60fc1081442ada4e02628efef1eb16197ddc7f8822f5a91fd7d7c86b51f530aedb17dfa2
  languageName: node
  linkType: hard

"path-to-regexp@npm:0.1.7":
  version: 0.1.7
  resolution: "path-to-regexp@npm:0.1.7"
  checksum: 69a14ea24db543e8b0f4353305c5eac6907917031340e5a8b37df688e52accd09e3cebfe1660b70d76b6bd89152f52183f28c74813dbf454ba1a01c82a38abce
  languageName: node
  linkType: hard

"performance-now@npm:^2.1.0":
  version: 2.1.0
  resolution: "performance-now@npm:2.1.0"
  checksum: 534e641aa8f7cba160f0afec0599b6cecefbb516a2e837b512be0adbe6c1da5550e89c78059c7fabc5c9ffdf6627edabe23eb7c518c4500067a898fa65c2b550
  languageName: node
  linkType: hard

"pkginfo@npm:^0.4.0":
  version: 0.4.1
  resolution: "pkginfo@npm:0.4.1"
  checksum: 0f13694f3682345647b7cb887fb6fe258df51b635f252324cd75eeb8181b4381cb8b9d91dc2d869849e857192b403bea65038d2f7c05b524eeae69ece5048209
  languageName: node
  linkType: hard

"proxy-addr@npm:~2.0.5":
  version: 2.0.7
  resolution: "proxy-addr@npm:2.0.7"
  dependencies:
    forwarded: 0.2.0
    ipaddr.js: 1.9.1
  checksum: 29c6990ce9364648255454842f06f8c46fcd124d3e6d7c5066df44662de63cdc0bad032e9bf5a3d653ff72141cc7b6019873d685708ac8210c30458ad99f2b74
  languageName: node
  linkType: hard

"psl@npm:^1.1.28":
  version: 1.8.0
  resolution: "psl@npm:1.8.0"
  checksum: 6150048ed2da3f919478bee8a82f3828303bc0fc730fb015a48f83c9977682c7b28c60ab01425a72d82a2891a1681627aa530a991d50c086b48a3be27744bde7
  languageName: node
  linkType: hard

"punycode@npm:^2.1.0, punycode@npm:^2.1.1":
  version: 2.1.1
  resolution: "punycode@npm:2.1.1"
  checksum: 823bf443c6dd14f669984dea25757b37993f67e8d94698996064035edd43bed8a5a17a9f12e439c2b35df1078c6bec05a6c86e336209eb1061e8025c481168e8
  languageName: node
  linkType: hard

"qs@npm:6.7.0":
  version: 6.7.0
  resolution: "qs@npm:6.7.0"
  checksum: dfd5f6adef50e36e908cfa70a6233871b5afe66fbaca37ecc1da352ba29eb2151a3797991948f158bb37fccde51bd57845cb619a8035287bfc24e4591172c347
  languageName: node
  linkType: hard

"qs@npm:~6.5.2":
  version: 6.5.2
  resolution: "qs@npm:6.5.2"
  checksum: 24af7b9928ba2141233fba2912876ff100403dba1b08b20c3b490da9ea6c636760445ea2211a079e7dfa882a5cf8f738337b3748c8bdd0f93358fa8881d2db8f
  languageName: node
  linkType: hard

"random-bytes@npm:~1.0.0":
  version: 1.0.0
  resolution: "random-bytes@npm:1.0.0"
  checksum: 09faa256394aa2ca9754aa57e92a27c452c3e97ffb266e98bebb517332e9df7168fea393159f88d884febce949ba8bec8ddb02f03342da6c6023ecc7b155e0ae
  languageName: node
  linkType: hard

"range-parser@npm:~1.2.1":
  version: 1.2.1
  resolution: "range-parser@npm:1.2.1"
  checksum: 0a268d4fea508661cf5743dfe3d5f47ce214fd6b7dec1de0da4d669dd4ef3d2144468ebe4179049eff253d9d27e719c88dae55be64f954e80135a0cada804ec9
  languageName: node
  linkType: hard

"raw-body@npm:2.4.0":
  version: 2.4.0
  resolution: "raw-body@npm:2.4.0"
  dependencies:
    bytes: 3.1.0
    http-errors: 1.7.2
    iconv-lite: 0.4.24
    unpipe: 1.0.0
  checksum: 6343906939e018c6e633a34a938a5d6d1e93ffcfa48646e00207d53b418e941953b521473950c079347220944dc75ba10e7b3c08bf97e3ac72c7624882db09bb
  languageName: node
  linkType: hard

"redis-commands@npm:^1.2.0":
  version: 1.3.1
  resolution: "redis-commands@npm:1.3.1"
  checksum: bb3268fa961f579c5cf1c3d5c4b0cc0deb6fe11399563d21c6791aa859b8596c27a11372c7b1b918f4b5d5bb94f8c3d2ac123ba7499ccb317fa0ff714bd3fd7e
  languageName: node
  linkType: hard

"redis-parser@npm:^2.6.0":
  version: 2.6.0
  resolution: "redis-parser@npm:2.6.0"
  checksum: 8d4936875e39d56a951e0bbb6653b4da1f7fdd727552c89561c3c78e7ffeb9c3e8820a78454e939b74d1ba20996d62ac179b4fc39d07340d10f8d52740399422
  languageName: node
  linkType: hard

"redis@npm:^2.7.1":
  version: 2.8.0
  resolution: "redis@npm:2.8.0"
  dependencies:
    double-ended-queue: ^2.1.0-0
    redis-commands: ^1.2.0
    redis-parser: ^2.6.0
  checksum: e44dc50a9a92ede2c95b3166482a4b04373853fdbb72ab138e834b868a3cd446798742fc0f85de2d5e442f9c86f58e1250637ea71af3ad5527478d05ef430079
  languageName: node
  linkType: hard

"request@npm:^2.85.0":
  version: 2.88.2
  resolution: "request@npm:2.88.2"
  dependencies:
    aws-sign2: ~0.7.0
    aws4: ^1.8.0
    caseless: ~0.12.0
    combined-stream: ~1.0.6
    extend: ~3.0.2
    forever-agent: ~0.6.1
    form-data: ~2.3.2
    har-validator: ~5.1.3
    http-signature: ~1.2.0
    is-typedarray: ~1.0.0
    isstream: ~0.1.2
    json-stringify-safe: ~5.0.1
    mime-types: ~2.1.19
    oauth-sign: ~0.9.0
    performance-now: ^2.1.0
    qs: ~6.5.2
    safe-buffer: ^5.1.2
    tough-cookie: ~2.5.0
    tunnel-agent: ^0.6.0
    uuid: ^3.3.2
  checksum: 4e112c087f6eabe7327869da2417e9d28fcd0910419edd2eb17b6acfc4bfa1dad61954525949c228705805882d8a98a86a0ea12d7f739c01ee92af7062996983
  languageName: node
  linkType: hard

"retry@npm:^0.9.0":
  version: 0.9.0
  resolution: "retry@npm:0.9.0"
  checksum: 35c33a510464603440099597e260b477558976148f324b8618a4426bf33e088788f2b7e582cf2b548a23b70fe8ebea3215be76219a3a0f00125b650209bf006c
  languageName: node
  linkType: hard

"safe-buffer@npm:5.1.2":
  version: 5.1.2
  resolution: "safe-buffer@npm:5.1.2"
  checksum: f2f1f7943ca44a594893a852894055cf619c1fbcb611237fc39e461ae751187e7baf4dc391a72125e0ac4fb2d8c5c0b3c71529622e6a58f46b960211e704903c
  languageName: node
  linkType: hard

"safe-buffer@npm:5.2.1, safe-buffer@npm:^5.1.2":
  version: 5.2.1
  resolution: "safe-buffer@npm:5.2.1"
  checksum: b99c4b41fdd67a6aaf280fcd05e9ffb0813654894223afb78a31f14a19ad220bba8aba1cb14eddce1fcfb037155fe6de4e861784eb434f7d11ed58d1e70dd491
  languageName: node
  linkType: hard

"safe-buffer@npm:^5.0.1":
  version: 5.1.1
  resolution: "safe-buffer@npm:5.1.1"
  checksum: 7f117b604554c9daca713be76cecc6c52932ed1dd6303638274f21319038bfd760fbfd353e526cc83f11894935bc4beb71f5b7b9478c11bf9718c0e0d94c51cb
  languageName: node
  linkType: hard

"safer-buffer@npm:>= 2.1.2 < 3":
  version: 2.1.2
  resolution: "safer-buffer@npm:2.1.2"
  checksum: cab8f25ae6f1434abee8d80023d7e72b598cf1327164ddab31003c51215526801e40b66c5e65d658a0af1e9d6478cadcb4c745f4bd6751f97d8644786c0978b0
  languageName: node
  linkType: hard

"scoped-http-client@npm:0.11.0":
  version: 0.11.0
  resolution: "scoped-http-client@npm:0.11.0"
  checksum: 5c90e2eb2d95aab08e9f643affcaa4920d2dc687b1d1c222945bab0728f388331d9073ee83ce1d4d37c805d2d842d055b0e2dfccab5a83b5fd6b16f7543438b6
  languageName: node
  linkType: hard

"send@npm:0.17.1":
  version: 0.17.1
  resolution: "send@npm:0.17.1"
  dependencies:
    debug: 2.6.9
    depd: ~1.1.2
    destroy: ~1.0.4
    encodeurl: ~1.0.2
    escape-html: ~1.0.3
    etag: ~1.8.1
    fresh: 0.5.2
    http-errors: ~1.7.2
    mime: 1.6.0
    ms: 2.1.1
    on-finished: ~2.3.0
    range-parser: ~1.2.1
    statuses: ~1.5.0
  checksum: d214c2fa42e7fae3f8fc1aa3931eeb3e6b78c2cf141574e09dbe159915c1e3a337269fc6b7512e7dfddcd7d6ff5974cb62f7c3637ba86a55bde20a92c18bdca0
  languageName: node
  linkType: hard

"serve-static@npm:1.14.1":
  version: 1.14.1
  resolution: "serve-static@npm:1.14.1"
  dependencies:
    encodeurl: ~1.0.2
    escape-html: ~1.0.3
    parseurl: ~1.3.3
    send: 0.17.1
  checksum: c6b268e8486d39ecd54b86c7f2d0ee4a38cd7514ddd9c92c8d5793bb005afde5e908b12395898ae206782306ccc848193d93daa15b86afb3cbe5a8414806abe8
  languageName: node
  linkType: hard

"setprototypeof@npm:1.1.1":
  version: 1.1.1
  resolution: "setprototypeof@npm:1.1.1"
  checksum: a8bee29c1c64c245d460ce53f7460af8cbd0aceac68d66e5215153992cc8b3a7a123416353e0c642060e85cc5fd4241c92d1190eec97eda0dcb97436e8fcca3b
  languageName: node
  linkType: hard

"setprototypeof@npm:1.2.0":
  version: 1.2.0
  resolution: "setprototypeof@npm:1.2.0"
  checksum: be18cbbf70e7d8097c97f713a2e76edf84e87299b40d085c6bf8b65314e994cc15e2e317727342fa6996e38e1f52c59720b53fe621e2eb593a6847bf0356db89
  languageName: node
  linkType: hard

"sshpk@npm:^1.7.0":
  version: 1.13.1
  resolution: "sshpk@npm:1.13.1"
  dependencies:
    asn1: ~0.2.3
    assert-plus: ^1.0.0
    bcrypt-pbkdf: ^1.0.0
    dashdash: ^1.12.0
    ecc-jsbn: ~0.1.1
    getpass: ^0.1.1
    jsbn: ~0.1.0
    tweetnacl: ~0.14.0
  dependenciesMeta:
    bcrypt-pbkdf:
      optional: true
    ecc-jsbn:
      optional: true
    jsbn:
      optional: true
    tweetnacl:
      optional: true
  bin:
    sshpk-conv: bin/sshpk-conv
    sshpk-sign: bin/sshpk-sign
    sshpk-verify: bin/sshpk-verify
  checksum: 8f8136f428428c37352f1f643eb5f932985048002560ad4fc2293b36f73474ec5ee1dd1d0a662d3d5d1411f093d46a16c5c3b258fde9e9c384436fc5b517b887
  languageName: node
  linkType: hard

"stack-trace@npm:0.0.x":
  version: 0.0.10
  resolution: "stack-trace@npm:0.0.10"
  checksum: 473036ad32f8c00e889613153d6454f9be0536d430eb2358ca51cad6b95cea08a3cc33cc0e34de66b0dad221582b08ed2e61ef8e13f4087ab690f388362d6610
  languageName: node
  linkType: hard

"statuses@npm:>= 1.5.0 < 2, statuses@npm:~1.5.0":
  version: 1.5.0
  resolution: "statuses@npm:1.5.0"
  checksum: c469b9519de16a4bb19600205cffb39ee471a5f17b82589757ca7bd40a8d92ebb6ed9f98b5a540c5d302ccbc78f15dc03cc0280dd6e00df1335568a5d5758a5c
  languageName: node
  linkType: hard

"strip-ansi@npm:^3.0.0":
  version: 3.0.1
  resolution: "strip-ansi@npm:3.0.1"
  dependencies:
    ansi-regex: ^2.0.0
  checksum: 9b974de611ce5075c70629c00fa98c46144043db92ae17748fb780f706f7a789e9989fd10597b7c2053ae8d1513fd707816a91f1879b2f71e6ac0b6a863db465
  languageName: node
  linkType: hard

"supports-color@npm:^2.0.0":
  version: 2.0.0
  resolution: "supports-color@npm:2.0.0"
  checksum: 602538c5812b9006404370b5a4b885d3e2a1f6567d314f8b4a41974ffe7d08e525bf92ae0f9c7030e3b4c78e4e34ace55d6a67a74f1571bc205959f5972f88f0
  languageName: node
  linkType: hard

"toidentifier@npm:1.0.0":
  version: 1.0.0
  resolution: "toidentifier@npm:1.0.0"
  checksum: 199e6bfca1531d49b3506cff02353d53ec987c9ee10ee272ca6484ed97f1fc10fb77c6c009079ca16d5c5be4a10378178c3cacdb41ce9ec954c3297c74c6053e
  languageName: node
  linkType: hard

"toidentifier@npm:1.0.1":
  version: 1.0.1
  resolution: "toidentifier@npm:1.0.1"
  checksum: 952c29e2a85d7123239b5cfdd889a0dde47ab0497f0913d70588f19c53f7e0b5327c95f4651e413c74b785147f9637b17410ac8c846d5d4a20a5a33eb6dc3a45
  languageName: node
  linkType: hard

"tough-cookie@npm:~2.5.0":
  version: 2.5.0
  resolution: "tough-cookie@npm:2.5.0"
  dependencies:
    psl: ^1.1.28
    punycode: ^2.1.1
  checksum: 16a8cd090224dd176eee23837cbe7573ca0fa297d7e468ab5e1c02d49a4e9a97bb05fef11320605eac516f91d54c57838a25864e8680e27b069a5231d8264977
  languageName: node
  linkType: hard

"tunnel-agent@npm:^0.6.0":
  version: 0.6.0
  resolution: "tunnel-agent@npm:0.6.0"
  dependencies:
    safe-buffer: ^5.0.1
  checksum: 05f6510358f8afc62a057b8b692f05d70c1782b70db86d6a1e0d5e28a32389e52fa6e7707b6c5ecccacc031462e4bc35af85ecfe4bbc341767917b7cf6965711
  languageName: node
  linkType: hard

"tweetnacl@npm:^0.14.3, tweetnacl@npm:~0.14.0":
  version: 0.14.5
  resolution: "tweetnacl@npm:0.14.5"
  checksum: 6061daba1724f59473d99a7bb82e13f211cdf6e31315510ae9656fefd4779851cb927adad90f3b488c8ed77c106adc0421ea8055f6f976ff21b27c5c4e918487
  languageName: node
  linkType: hard

"type-is@npm:~1.6.16, type-is@npm:~1.6.17, type-is@npm:~1.6.18":
  version: 1.6.18
  resolution: "type-is@npm:1.6.18"
  dependencies:
    media-typer: 0.3.0
    mime-types: ~2.1.24
  checksum: 2c8e47675d55f8b4e404bcf529abdf5036c537a04c2b20177bcf78c9e3c1da69da3942b1346e6edb09e823228c0ee656ef0e033765ec39a70d496ef601a0c657
  languageName: node
  linkType: hard

"uid-safe@npm:2.1.5":
  version: 2.1.5
  resolution: "uid-safe@npm:2.1.5"
  dependencies:
    random-bytes: ~1.0.0
  checksum: 07536043da9a026f4a2bc397543d0ace7587449afa1d9d2c4fd3ce76af8a5263a678788bcc429dff499ef29d45843cd5ee9d05434450fcfc19cc661229f703d1
  languageName: node
  linkType: hard

"ultron@npm:1.0.x":
  version: 1.0.2
  resolution: "ultron@npm:1.0.2"
  checksum: f98993b128c774b4769aeeb86030158efb9c2440d3ad91d722af05e7418ddbee6d6fd974c257702b997e5e8fe417ca349c40d16c8cebc8de4b4a2fd40e872309
  languageName: node
  linkType: hard

"unpipe@npm:1.0.0, unpipe@npm:~1.0.0":
  version: 1.0.0
  resolution: "unpipe@npm:1.0.0"
  checksum: 4fa18d8d8d977c55cb09715385c203197105e10a6d220087ec819f50cb68870f02942244f1017565484237f1f8c5d3cd413631b1ae104d3096f24fdfde1b4aa2
  languageName: node
  linkType: hard

"uri-js@npm:^4.2.2":
  version: 4.4.1
  resolution: "uri-js@npm:4.4.1"
  dependencies:
    punycode: ^2.1.0
  checksum: 7167432de6817fe8e9e0c9684f1d2de2bb688c94388f7569f7dbdb1587c9f4ca2a77962f134ec90be0cc4d004c939ff0d05acc9f34a0db39a3c797dada262633
  languageName: node
  linkType: hard

"url-join@npm:0.0.1":
  version: 0.0.1
  resolution: "url-join@npm:0.0.1"
  checksum: f1d75a8fea205337a4310c90f9fa72e4d9204e16c4d2494b553d899420aa0a2bd91af9e5cddade005e536b8058b4eee43d2405c76bc852eb9ebf8f4e0ba3c7ec
  languageName: node
  linkType: hard

"utils-merge@npm:1.0.1":
  version: 1.0.1
  resolution: "utils-merge@npm:1.0.1"
  checksum: c81095493225ecfc28add49c106ca4f09cdf56bc66731aa8dabc2edbbccb1e1bfe2de6a115e5c6a380d3ea166d1636410b62ef216bb07b3feb1cfde1d95d5080
  languageName: node
  linkType: hard

"uuid@npm:^3.3.2":
  version: 3.4.0
  resolution: "uuid@npm:3.4.0"
  bin:
    uuid: ./bin/uuid
  checksum: 58de2feed61c59060b40f8203c0e4ed7fd6f99d42534a499f1741218a1dd0c129f4aa1de797bcf822c8ea5da7e4137aa3673431a96dae729047f7aca7b27866f
  languageName: node
  linkType: hard

"vary@npm:~1.1.2":
  version: 1.1.2
  resolution: "vary@npm:1.1.2"
  checksum: ae0123222c6df65b437669d63dfa8c36cee20a504101b2fcd97b8bf76f91259c17f9f2b4d70a1e3c6bbcee7f51b28392833adb6b2770b23b01abec84e369660b
  languageName: node
  linkType: hard

"verror@npm:1.10.0":
  version: 1.10.0
  resolution: "verror@npm:1.10.0"
  dependencies:
    assert-plus: ^1.0.0
    core-util-is: 1.0.2
    extsprintf: ^1.2.0
  checksum: c431df0bedf2088b227a4e051e0ff4ca54df2c114096b0c01e1cbaadb021c30a04d7dd5b41ab277bcd51246ca135bf931d4c4c796ecae7a4fef6d744ecef36ea
  languageName: node
  linkType: hard

"winston@npm:^2.1.1":
  version: 2.3.1
  resolution: "winston@npm:2.3.1"
  dependencies:
    async: ~1.0.0
    colors: 1.0.x
    cycle: 1.0.x
    eyes: 0.1.x
    isstream: 0.1.x
    stack-trace: 0.0.x
  checksum: 9e9d01160f881d5d701ace4c00e46b9973eb111c587ad0bc8e2ff6ca532113bb0929eba10df2c97ac785e0e811636936c1ffad2d5a7cb15c73644644e9ec6316
  languageName: node
  linkType: hard

"ws@npm:^1.0.1":
  version: 1.1.4
  resolution: "ws@npm:1.1.4"
  dependencies:
    options: ">=0.0.5"
    ultron: 1.0.x
  checksum: 74792425951aa6d68feba90505835670eed8b3bd8ba9e1b4e5800a812d2db037da3e0f50f7dd7f861ce9c2f4020dc4ff42caea01203c4f1c81f4be0a0a4de864
  languageName: node
  linkType: hard
